Microsoft Visual Studio Solution File, Format Version 11.00
# Visual Studio 2008

Project("{E652C2E5-98A4-F98E-35AB-B112FBA4572D}") = "MCO2", "Assembly-CSharp.csproj", "{72992E85-F6ED-3395-B81D-F02C73C69A4E}"
EndProject
Global
	GlobalSection(SolutionConfigurationPlatforms) = preSolution
		Debug|Any CPU = Debug|Any CPU
		Release|Any CPU = Release|Any CPU
	EndGlobalSection
	GlobalSection(ProjectConfigurationPlatforms) = postSolution
		{72992E85-F6ED-3395-B81D-F02C73C69A4E}.Debug|Any CPU.ActiveCfg = Debug|Any CPU
		{72992E85-F6ED-3395-B81D-F02C73C69A4E}.Debug|Any CPU.Build.0 = Debug|Any CPU
		{72992E85-F6ED-3395-B81D-F02C73C69A4E}.Release|Any CPU.ActiveCfg = Release|Any CPU
		{72992E85-F6ED-3395-B81D-F02C73C69A4E}.Release|Any CPU.Build.0 = Release|Any CPU
	EndGlobalSection
	GlobalSection(SolutionProperties) = preSolution
		HideSolutionNode = FALSE
	EndGlobalSection
	GlobalSection(MonoDevelopProperties) = preSolution
		StartupItem = Assembly-CSharp.csproj
	EndGlobalSection
EndGlobal
